
Microsoft Visual Studio Solution File, Format Version 12.00
# Visual Studio 15
VisualStudioVersion = 15.0.26228.9
MinimumVisualStudioVersion = 10.0.40219.1
Project("{FAE04EC0-301F-11D3-BF4B-00C04F79EFBC}") = "FilemakerSharp.Core", "FilemakerSharp.Core\FilemakerSharp.Core.csproj", "{B2901BB4-BF8E-4FD5-972A-58CD9E924E73}"
EndProject
Global
	GlobalSection(SolutionConfigurationPlatforms) = preSolution
		Debug|Any CPU = Debug|Any CPU
		Release|Any CPU = Release|Any CPU
	EndGlobalSection
	GlobalSection(ProjectConfigurationPlatforms) = postSolution
		{B2901BB4-BF8E-4FD5-972A-58CD9E924E73}.Debug|Any CPU.ActiveCfg = Debug|Any CPU
		{B2901BB4-BF8E-4FD5-972A-58CD9E924E73}.Debug|Any CPU.Build.0 = Debug|Any CPU
		{B2901BB4-BF8E-4FD5-972A-58CD9E924E73}.Release|Any CPU.ActiveCfg = Release|Any CPU
		{B2901BB4-BF8E-4FD5-972A-58CD9E924E73}.Release|Any CPU.Build.0 = Release|Any CPU
	EndGlobalSection
	GlobalSection(SolutionProperties) = preSolution
		HideSolutionNode = FALSE
	EndGlobalSection
EndGlobal
